
Microsoft Visual Studio Solution File, Format Version 12.00
# Visual Studio Version 16
VisualStudioVersion = 16.0.30204.135
MinimumVisualStudioVersion = 10.0.40219.1
Project("{888888A0-9F3D-457C-B088-3A5042F75D52}") = "solution2", "solution2.pyproj", "{BA43A6B4-5234-43A9-B081-B777638852FC}"
EndProject
Global
	GlobalSection(SolutionConfigurationPlatforms) = preSolution
		Debug|Any CPU = Debug|Any CPU
		Release|Any CPU = Release|Any CPU
	EndGlobalSection
	GlobalSection(ProjectConfigurationPlatforms) = postSolution
		{BA43A6B4-5234-43A9-B081-B777638852FC}.Debug|Any CPU.ActiveCfg = Debug|Any CPU
		{BA43A6B4-5234-43A9-B081-B777638852FC}.Release|Any CPU.ActiveCfg = Release|Any CPU
	EndGlobalSection
	GlobalSection(SolutionProperties) = preSolution
		HideSolutionNode = FALSE
	EndGlobalSection
	GlobalSection(ExtensibilityGlobals) = postSolution
		SolutionGuid = {7702FFD9-1D6A-455F-8B33-36D561A5D1BD}
	EndGlobalSection
EndGlobal
